
Microsoft Visual Studio Solution File, Format Version 12.00
# Visual Studio Version 17
VisualStudioVersion = 17.5.002.0
MinimumVisualStudioVersion = 10.0.40219.1
Project("{9A19103F-16F7-4668-BE54-9A1E7A4F7556}") = "module_3_hangman", "module_3_hangman.csproj", "{65725784-9FEE-4869-90E5-0D3904B99FBE}"
EndProject
Global
	GlobalSection(SolutionConfigurationPlatforms) = preSolution
		Debug|Any CPU = Debug|Any CPU
		Release|Any CPU = Release|Any CPU
	EndGlobalSection
	GlobalSection(ProjectConfigurationPlatforms) = postSolution
		{65725784-9FEE-4869-90E5-0D3904B99FBE}.Debug|Any CPU.ActiveCfg = Debug|Any CPU
		{65725784-9FEE-4869-90E5-0D3904B99FBE}.Debug|Any CPU.Build.0 = Debug|Any CPU
		{65725784-9FEE-4869-90E5-0D3904B99FBE}.Release|Any CPU.ActiveCfg = Release|Any CPU
		{65725784-9FEE-4869-90E5-0D3904B99FBE}.Release|Any CPU.Build.0 = Release|Any CPU
	EndGlobalSection
	GlobalSection(SolutionProperties) = preSolution
		HideSolutionNode = FALSE
	EndGlobalSection
	GlobalSection(ExtensibilityGlobals) = postSolution
		SolutionGuid = {223AC8A5-96BE-4034-88F0-B58CA5E283F2}
	EndGlobalSection
EndGlobal
